{
    "_readme": [
        "This file locks the dependencies of your project to a known state",
        "Read more about it at https://getcomposer.org/doc/01-basic-usage.md#installing-dependencies",
        "This file is @generated automatically"
    ],
    "content-hash": "e3f37b8e4c09f488ee31f843b1fc7bfd",
    "packages": [
        {
            "name": "rallisf1/php-saracakis-pricelists",
            "version": "0.1",
            "dist": {
                "type": "path",
                "url": "../package",
                "reference": "05544a7c709d9711a0594fc575cc7dce8ab86355"
            },
            "require": {
                "zbateson/mb-wrapper": "^1.0"
            },
            "type": "library",
            "autoload": {
                "psr-4": {
                    "rallisf1\\PhpSaracakisPricelists\\": "src/"
                }
            },
            "license": [
                "MIT"
            ],
            "authors": [
                {
                    "name": "John Rallis",
                    "email": "rallisf1@yahoo.gr",
                    "homepage": "https://rallisf1.info",
                    "role": "Developer"
                }
            ],
            "description": "Parse DOS Dealer Pricelists issued by Saracakis S.A.",
            "homepage": "https://github.com/rallisf1/php-saracakis-pricelists",
            "keywords": [
                "honda",
                "mitsubishi",
                "parts",
                "saracakis"
            ],
            "transport-options": {
                "symlink": true
            }
        },
        {
            "name": "symfony/polyfill-iconv",
            "version": "v1.20.0",
            "source": {
                "type": "git",
                "url": "https://github.com/symfony/polyfill-iconv.git",
                "reference": "c536646fdb4f29104dd26effc2fdcb9a5b085024"
            },
            "dist": {
                "type": "zip",
                "url": "https://api.github.com/repos/symfony/polyfill-iconv/zipball/c536646fdb4f29104dd26effc2fdcb9a5b085024",
                "reference": "c536646fdb4f29104dd26effc2fdcb9a5b085024",
                "shasum": ""
            },
            "require": {
                "php": ">=7.1"
            },
            "suggest": {
                "ext-iconv": "For best performance"
            },
            "type": "library",
            "extra": {
                "branch-alias": {
                    "dev-main": "1.20-dev"
                },
                "thanks": {
                    "name": "symfony/polyfill",
                    "url": "https://github.com/symfony/polyfill"
                }
            },
            "autoload": {
                "psr-4": {
                    "Symfony\\Polyfill\\Iconv\\": ""
                },
                "files": [
                    "bootstrap.php"
                ]
            },
            "notification-url": "https://packagist.org/downloads/",
            "license": [
                "MIT"
            ],
            "authors": [
                {
                    "name": "Nicolas Grekas",
                    "email": "p@tchwork.com"
                },
                {
                    "name": "Symfony Community",
                    "homepage": "https://symfony.com/contributors"
                }
            ],
            "description": "Symfony polyfill for the Iconv extension",
            "homepage": "https://symfony.com",
            "keywords": [
                "compatibility",
                "iconv",
                "polyfill",
                "portable",
                "shim"
            ],
            "time": "2020-10-23T14:02:19+00:00"
        },
        {
            "name": "symfony/polyfill-mbstring",
            "version": "v1.20.0",
            "source": {
                "type": "git",
                "url": "https://github.com/symfony/polyfill-mbstring.git",
                "reference": "39d483bdf39be819deabf04ec872eb0b2410b531"
            },
            "dist": {
                "type": "zip",
                "url": "https://api.github.com/repos/symfony/polyfill-mbstring/zipball/39d483bdf39be819deabf04ec872eb0b2410b531",
                "reference": "39d483bdf39be819deabf04ec872eb0b2410b531",
                "shasum": ""
            },
            "require": {
                "php": ">=7.1"
            },
            "suggest": {
                "ext-mbstring": "For best performance"
            },
            "type": "library",
            "extra": {
                "branch-alias": {
                    "dev-main": "1.20-dev"
                },
                "thanks": {
                    "name": "symfony/polyfill",
                    "url": "https://github.com/symfony/polyfill"
                }
            },
            "autoload": {
                "psr-4": {
                    "Symfony\\Polyfill\\Mbstring\\": ""
                },
                "files": [
                    "bootstrap.php"
                ]
            },
            "notification-url": "https://packagist.org/downloads/",
            "license": [
                "MIT"
            ],
            "authors": [
                {
                    "name": "Nicolas Grekas",
                    "email": "p@tchwork.com"
                },
                {
                    "name": "Symfony Community",
                    "homepage": "https://symfony.com/contributors"
                }
            ],
            "description": "Symfony polyfill for the Mbstring extension",
            "homepage": "https://symfony.com",
            "keywords": [
                "compatibility",
                "mbstring",
                "polyfill",
                "portable",
                "shim"
            ],
            "time": "2020-10-23T14:02:19+00:00"
        },
        {
            "name": "zbateson/mb-wrapper",
            "version": "1.0.1",
            "source": {
                "type": "git",
                "url": "https://github.com/zbateson/mb-wrapper.git",
                "reference": "721b3dfbf7ab75fee5ac60a542d7923ffe59ef6d"
            },
            "dist": {
                "type": "zip",
                "url": "https://api.github.com/repos/zbateson/mb-wrapper/zipball/721b3dfbf7ab75fee5ac60a542d7923ffe59ef6d",
                "reference": "721b3dfbf7ab75fee5ac60a542d7923ffe59ef6d",
                "shasum": ""
            },
            "require": {
                "php": ">=5.4",
                "symfony/polyfill-iconv": "^1.9",
                "symfony/polyfill-mbstring": "^1.9"
            },
            "require-dev": {
                "phpunit/phpunit": "^4.8 || ^5.7 || ^6.5"
            },
            "suggest": {
                "ext-iconv": "For best support/performance",
                "ext-mbstring": "For best support/performance"
            },
            "type": "library",
            "autoload": {
                "psr-4": {
                    "ZBateson\\MbWrapper\\": "src/"
                }
            },
            "notification-url": "https://packagist.org/downloads/",
            "license": [
                "BSD-2-Clause"
            ],
            "authors": [
                {
                    "name": "Zaahid Bateson"
                }
            ],
            "description": "Wrapper for mbstring with fallback to iconv for encoding conversion and string manipulation",
            "keywords": [
                "charset",
                "encoding",
                "http",
                "iconv",
                "mail",
                "mb",
                "mb_convert_encoding",
                "mbstring",
                "mime",
                "multibyte",
                "string"
            ],
            "time": "2020-10-21T22:14:27+00:00"
        }
    ],
    "packages-dev": [],
    "aliases": [],
    "minimum-stability": "stable",
    "stability-flags": {
        "rallisf1/php-saracakis-pricelists": 20
    },
    "prefer-stable": false,
    "prefer-lowest": false,
    "platform": [],
    "platform-dev": []
}
